# This file is autogenerated, do not edit; changes may be undone by the next 'dep ensure'.


[[projects]]
  name = "github.com/nwidger/lighthouse"
  packages = ["."]
  revision = "10d7208616f2ff61b9144b7818f669f6c84725db"
  version = "v0.4.0"

[solve-meta]
  analyzer-name = "dep"
  analyzer-version = 1
  inputs-digest = "2577956d324d837da0718c181d2421006816aeb4a66201083aee8f532116bca4"
  solver-name = "gps-cdcl"
  solver-version = 1
